# This file is autogenerated, do not edit; changes may be undone by the next 'dep ensure'.


[[projects]]
  digest = "1:4d6f036ea3fe636bcb2e89850bcdc62a771354e157cd51b8b22a2de8562bf663"
  name = "cloud.google.com/go"
  packages = ["compute/metadata"]
  pruneopts = "UT"
  revision = "fcb9a2d5f791d07be64506ab54434de65989d370"
  version = "v0.37.4"

[[projects]]
  digest = "1:f9ae348e1f793dcf9ed930ed47136a67343dbd6809c5c91391322267f4476892"
  name = "github.com/Microsoft/go-winio"
  packages = ["."]
  pruneopts = "UT"
  revision = "1a8911d1ed007260465c3bfbbc785ac6915a0bb8"
  version = "v0.4.12"

[[projects]]
  digest = "1:a3707ff3607c745d38ea63bc84d800e7febfa84efdfe248c3a6ae9a86b9c1343"
  name = "github.com/aws/aws-sdk-go"
  packages = [
    "aws",
    "aws/arn",
    "aws/awserr",
    "aws/awsutil",
    "aws/client",
    "aws/client/metadata",
    "aws/corehandlers",
    "aws/credentials",
    "aws/credentials/ec2rolecreds",
    "aws/credentials/endpointcreds",
    "aws/credentials/processcreds",
    "aws/credentials/stscreds",
    "aws/csm",
    "aws/defaults",
    "aws/ec2metadata",
    "aws/endpoints",
    "aws/request",
    "aws/session",
    "aws/signer/v4",
    "internal/ini",
    "internal/s3err",
    "internal/sdkio",
    "internal/sdkrand",
    "internal/sdkuri",
    "internal/shareddefaults",
    "private/protocol",
    "private/protocol/ec2query",
    "private/protocol/eventstream",
    "private/protocol/eventstream/eventstreamapi",
    "private/protocol/json/jsonutil",
    "private/protocol/jsonrpc",
    "private/protocol/query",
    "private/protocol/query/queryutil",
    "private/protocol/rest",
    "private/protocol/restxml",
    "private/protocol/xml/xmlutil",
    "service/autoscaling",
    "service/autoscaling/autoscalingiface",
    "service/cloudformation",
    "service/ec2",
    "service/ec2/ec2iface",
    "service/ecr",
    "service/elb",
    "service/elb/elbiface",
    "service/elbv2",
    "service/elbv2/elbv2iface",
    "service/iam",
    "service/iam/iamiface",
    "service/kms",
    "service/route53",
    "service/route53/route53iface",
    "service/s3",
    "service/sts",
  ]
  pruneopts = "UT"
  revision = "ca6d5f771b63df153f02fe5b117434d5ebafeeda"
  version = "v1.19.15"

[[projects]]
  digest = "1:d6afaeed1502aa28e80a4ed0981d570ad91b2579193404256ce672ed0a609e0d"
  name = "github.com/beorn7/perks"
  packages = ["quantile"]
  pruneopts = "UT"
  revision = "4b2b341e8d7715fae06375aa633dbb6e91b3fb46"
  version = "v1.0.0"

[[projects]]
  digest = "1:b6d886569181ec96ca83d529f4d6ba0cbf92ace7bb6f633f90c5f34d9bba7aab"
  name = "github.com/blang/semver"
  packages = ["."]
  pruneopts = "UT"
  revision = "ba2c2ddd89069b46a7011d4106f6868f17ee1705"
  version = "v3.6.1"

[[projects]]
  digest = "1:ed367b90c06c829cd3ff56b01f5bf672c67af201738e7a5f4b478753ac1f3922"
  name = "github.com/coredns/coredns"
  packages = ["middleware/pkg/dnsutil"]
  pruneopts = "UT"
  revision = "1b60688dc8f7e7ed0edcda5fb3fec02b1ddd3e42"
  version = "v011"

[[projects]]
  digest = "1:4dc3d4af0c013e42eb42b175a8c7de5e53f2c84b1cb844dedc02066f88e9bef1"
  name = "github.com/coreos/etcd"
  packages = ["client"]
  pruneopts = "UT"
  revision = "6543273666cb9832edc2cc1d50f8e647d3575828"

[[projects]]
  digest = "1:05ffeeed3f0f05520de0679f6aa3219ffee69cfd6d9fb6c194879d4c818ad670"
  name = "github.com/coreos/go-semver"
  packages = ["semver"]
  pruneopts = "UT"
  revision = "e214231b295a8ea9479f11b70b35d5acf3556d9b"
  version = "v0.3.0"

[[projects]]
  digest = "1:ffe9824d294da03b391f44e1ae8281281b4afc1bdaa9588c9097785e3af10cec"
  name = "github.com/davecgh/go-spew"
  packages = ["spew"]
  pruneopts = "UT"
  revision = "8991bc29aa16c548c550c7ff78260e27b9ab7c73"
  version = "v1.1.1"

[[projects]]
  branch = "master"
  digest = "1:db95e6036361f4146ac65d216051e3a2feee13cde87043c3f9a85c152f000205"
  name = "github.com/denverdino/aliyungo"
  packages = [
    "common",
    "ecs",
    "ess",
    "oss",
    "ram",
    "slb",
    "util",
  ]
  pruneopts = "UT"
  revision = "611ead8a6fedf409d6512b6e4f44f3f1cbc65755"

[[projects]]
  digest = "1:f00a17dcf83175d875309aababc4b15430929a1f1917aef2decf2d398fc31014"
  name = "github.com/digitalocean/godo"
  packages = [
    ".",
    "context",
  ]
  pruneopts = "UT"
  revision = "7a32b5ce17203924a21366d5031032fd326d5051"
  version = "v1.1.3"

[[projects]]
  digest = "1:4ddc17aeaa82cb18c5f0a25d7c253a10682f518f4b2558a82869506eec223d76"
  name = "github.com/docker/distribution"
  packages = [
    "digestset",
    "reference",
  ]
  pruneopts = "UT"
  revision = "2461543d988979529609e8cb6fca9ca190dc48da"
  version = "v2.7.1"

[[projects]]
  digest = "1:344f93aea3423a982f0b82467672e699439fd2c3106a37738780bccf043e0646"
  name = "github.com/docker/engine-api"
  packages = [
    "client",
    "client/transport",
    "client/transport/cancellable",
    "types",
    "types/blkiodev",
    "types/container",
    "types/filters",
    "types/network",
    "types/reference",
    "types/registry",
    "types/strslice",
    "types/time",
    "types/versions",
  ]
  pruneopts = "UT"
  revision = "dea108d3aa0c67d7162a3fd8aa65f38a430019fd"

[[projects]]
  digest = "1:811c86996b1ca46729bad2724d4499014c4b9effd05ef8c71b852aad90deb0ce"
  name = "github.com/docker/go-connections"
  packages = [
    "nat",
    "sockets",
    "tlsconfig",
  ]
  pruneopts = "UT"
  revision = "7395e3f8aa162843a74ed6d48e79627d9792ac55"
  version = "v0.4.0"

[[projects]]
  digest = "1:e95ef557dc3120984bb66b385ae01b4bb8ff56bcde28e7b0d1beed0cccc4d69f"
  name = "github.com/docker/go-units"
  packages = ["."]
  pruneopts = "UT"
  revision = "519db1ee28dcc9fd2474ae59fca29a810482bfb1"
  version = "v0.4.0"

[[projects]]
  digest = "1:2cd7915ab26ede7d95b8749e6b1f933f1c6d5398030684e6505940a10f31cfda"
  name = "github.com/ghodss/yaml"
  packages = ["."]
  pruneopts = "UT"
  revision = "0ca9ea5df5451ffdf184b4428c902747c2c11cd7"
  version = "v1.0.0"

[[projects]]
  digest = "1:d37c61a335d13bc49b3f90e9e13c8686e4548839b69c58549e727afb2245c454"
  name = "github.com/go-ini/ini"
  packages = ["."]
  pruneopts = "UT"
  revision = "c85607071cf08ca1adaf48319cd1aa322e81d8c1"
  version = "v1.42.0"

[[projects]]
  digest = "1:4d02824a56d268f74a6b6fdd944b20b58a77c3d70e81008b3ee0c4f1a6777340"
  name = "github.com/gogo/protobuf"
  packages = [
    "proto",
    "sortkeys",
  ]
  pruneopts = "UT"
  revision = "ba06b47c162d49f2af050fb4c75bcbc86a159d5c"
  version = "v1.2.1"

[[projects]]
  branch = "master"
  digest = "1:1ba1d79f2810270045c328ae5d674321db34e3aae468eb4233883b473c5c0467"
  name = "github.com/golang/glog"
  packages = ["."]
  pruneopts = "UT"
  revision = "23def4e6c14b4da8ac2ed8007337bc5eb5007998"

[[projects]]
  branch = "master"
  digest = "1:b7cb6054d3dff43b38ad2e92492f220f57ae6087ee797dca298139776749ace8"
  name = "github.com/golang/groupcache"
  packages = ["lru"]
  pruneopts = "UT"
  revision = "5b532d6fd5efaf7fa130d4e859a2fde0fc3a9e1b"

[[projects]]
  digest = "1:239c4c7fd2159585454003d9be7207167970194216193a8a210b8d29576f19c9"
  name = "github.com/golang/protobuf"
  packages = [
    "proto",
    "ptypes",
    "ptypes/any",
    "ptypes/duration",
    "ptypes/timestamp",
  ]
  pruneopts = "UT"
  revision = "b5d812f8a3706043e23a9cd5babf2e5423744d30"
  version = "v1.3.1"

[[projects]]
  digest = "1:0bfbe13936953a98ae3cfe8ed6670d396ad81edf069a806d2f6515d7bb6950df"
  name = "github.com/google/btree"
  packages = ["."]
  pruneopts = "UT"
  revision = "4030bb1f1f0c35b30ca7009e9ebd06849dd45306"
  version = "v1.0.0"

[[projects]]
  digest = "1:a63cff6b5d8b95638bfe300385d93b2a6d9d687734b863da8e09dc834510a690"
  name = "github.com/google/go-querystring"
  packages = ["query"]
  pruneopts = "UT"
  revision = "44c6ddd0a2342c386950e880b658017258da92fc"
  version = "v1.0.0"

[[projects]]
  digest = "1:a6181aca1fd5e27103f9a920876f29ac72854df7345a39f3b01e61c8c94cc8af"
  name = "github.com/google/gofuzz"
  packages = ["."]
  pruneopts = "UT"
  revision = "f140a6486e521aad38f5917de355cbf147cc0496"
  version = "v1.0.0"

[[projects]]
  digest = "1:582b704bebaa06b48c29b0cec224a6058a09c86883aaddabde889cd1a5f73e1b"
  name = "github.com/google/uuid"
  packages = ["."]
  pruneopts = "UT"
  revision = "0cd6bf5da1e1c83f8b45653022c74f71af0538a4"
  version = "v1.1.1"

[[projects]]
  digest = "1:65c4414eeb350c47b8de71110150d0ea8a281835b1f386eacaa3ad7325929c21"
  name = "github.com/googleapis/gnostic"
  packages = [
    "OpenAPIv2",
    "compiler",
    "extensions",
  ]
  pruneopts = "UT"
  revision = "7c663266750e7d82587642f65e60bc4083f1f84e"
  version = "v0.2.0"

[[projects]]
  branch = "master"
  digest = "1:d3c882ffb1a108926a9c535db7a017a8d7a18e50496cd13c81545b97f0538415"
  name = "github.com/gophercloud/gophercloud"
  packages = [
    ".",
    "openstack",
    "openstack/blockstorage/v2/volumes",
    "openstack/compute/v2/extensions/availabilityzones",
    "openstack/compute/v2/extensions/floatingips",
    "openstack/compute/v2/extensions/keypairs",
    "openstack/compute/v2/extensions/schedulerhints",
    "openstack/compute/v2/extensions/servergroups",
    "openstack/compute/v2/extensions/volumeattach",
    "openstack/compute/v2/flavors",
    "openstack/compute/v2/images",
    "openstack/compute/v2/servers",
    "openstack/dns/v2/recordsets",
    "openstack/dns/v2/zones",
    "openstack/identity/v2/tenants",
    "openstack/identity/v2/tokens",
    "openstack/identity/v3/tokens",
    "openstack/loadbalancer/v2/l7policies",
    "openstack/loadbalancer/v2/listeners",
    "openstack/loadbalancer/v2/loadbalancers",
    "openstack/loadbalancer/v2/monitors",
    "openstack/loadbalancer/v2/pools",
    "openstack/networking/v2/extensions/external",
    "openstack/networking/v2/extensions/layer3/floatingips",
    "openstack/networking/v2/extensions/layer3/routers",
    "openstack/networking/v2/extensions/security/groups",
    "openstack/networking/v2/extensions/security/rules",
    "openstack/networking/v2/networks",
    "openstack/networking/v2/ports",
    "openstack/networking/v2/subnets",
    "openstack/objectstorage/v1/accounts",
    "openstack/objectstorage/v1/containers",
    "openstack/objectstorage/v1/objects",
    "openstack/utils",
    "pagination",
  ]
  pruneopts = "UT"
  revision = "b9b92a82580638d091517faa0a8a9655657ed263"

[[projects]]
  branch = "master"
  digest = "1:b4395b2a4566c24459af3d04009b39cc21762fc77ec7bf7a1aa905c91e8f018d"
  name = "github.com/gregjones/httpcache"
  packages = [
    ".",
    "diskcache",
  ]
  pruneopts = "UT"
  revision = "3befbb6ad0cc97d4c25d851e9528915809e1a22f"

[[projects]]
  digest = "1:d15ee511aa0f56baacc1eb4c6b922fa1c03b38413b6be18166b996d82a0156ea"
  name = "github.com/hashicorp/golang-lru"
  packages = [
    ".",
    "simplelru",
  ]
  pruneopts = "UT"
  revision = "7087cb70de9f7a8bc0a10c375cb0d2280a8edf9c"
  version = "v0.5.1"

[[projects]]
  digest = "1:11ca19e9d303561ab7e96939d71f92b54d245d974a002b90009873996cff6c0e"
  name = "github.com/hashicorp/hcl"
  packages = [
    "hcl/ast",
    "hcl/parser",
    "hcl/printer",
    "hcl/scanner",
    "hcl/strconv",
    "hcl/token",
    "json/parser",
    "json/scanner",
    "json/token",
  ]
  pruneopts = "UT"
  revision = "8cb6e5b959231cc1119e43259c4a608f9c51a241"
  version = "v1.0.0"

[[projects]]
  digest = "1:870d441fe217b8e689d7949fef6e43efbc787e50f200cb1e70dbca9204a1d6be"
  name = "github.com/inconshreveable/mousetrap"
  packages = ["."]
  pruneopts = "UT"
  revision = "76626ae9c91c4f2a10f34cad8ce83ea42c93bb75"
  version = "v1.0"

[[projects]]
  digest = "1:bb81097a5b62634f3e9fec1014657855610c82d19b9a40c17612e32651e35dca"
  name = "github.com/jmespath/go-jmespath"
  packages = ["."]
  pruneopts = "UT"
  revision = "c2b33e84"

[[projects]]
  digest = "1:f5a2051c55d05548d2d4fd23d244027b59fbd943217df8aa3b5e170ac2fd6e1b"
  name = "github.com/json-iterator/go"
  packages = ["."]
  pruneopts = "UT"
  revision = "0ff49de124c6f76f8494e194af75bde0f1a49a29"
  version = "v1.1.6"

[[projects]]
  digest = "1:9cedee824c21326bd26950bd9e1ffe9dc4e7ca03dc8634d0e6f954ee6a383172"
  name = "github.com/kr/fs"
  packages = ["."]
  pruneopts = "UT"
  revision = "1455def202f6e05b95cc7bfc7e8ae67ae5141eba"
  version = "v0.1.0"

[[projects]]
  digest = "1:ff5ebae34cfbf047d505ee150de27e60570e8c394b3b8fdbb720ff6ac71985fc"
  name = "github.com/matttproud/golang_protobuf_extensions"
  packages = ["pbutil"]
  pruneopts = "UT"
  revision = "c12348ce28de40eed0136aa2b644d0ee0650e56c"
  version = "v1.0.1"

[[projects]]
  digest = "1:2c96bc38b494c92b04e10d2ef055499885a5f5c595577b697429d153549fd7ba"
  name = "github.com/miekg/coredns"
  packages = ["middleware/etcd/msg"]
  pruneopts = "UT"
  revision = "1b60688dc8f7e7ed0edcda5fb3fec02b1ddd3e42"
  version = "v011"

[[projects]]
  digest = "1:2b4b4b2e5544c2a11a486c1b631357aa2ddf766e50c1b2483cf809da2c511234"
  name = "github.com/miekg/dns"
  packages = ["."]
  pruneopts = "UT"
  revision = "73601d4aed9d844322611759d7f3619110b7c88e"
  version = "v1.1.8"

[[projects]]
  digest = "1:33422d238f147d247752996a26574ac48dcf472976eda7f5134015f06bf16563"
  name = "github.com/modern-go/concurrent"
  packages = ["."]
  pruneopts = "UT"
  revision = "bacd9c7ef1dd9b15be4a9909b8ac7a4e313eec94"
  version = "1.0.3"

[[projects]]
  digest = "1:e32bdbdb7c377a07a9a46378290059822efdce5c8d96fe71940d87cb4f918855"
  name = "github.com/modern-go/reflect2"
  packages = ["."]
  pruneopts = "UT"
  revision = "4b7aa43c6742a2c18fdef89dd197aaae7dac7ccd"
  version = "1.0.1"

[[projects]]
  digest = "1:ee4d4af67d93cc7644157882329023ce9a7bcfce956a079069a9405521c7cc8d"
  name = "github.com/opencontainers/go-digest"
  packages = ["."]
  pruneopts = "UT"
  revision = "279bed98673dd5bef374d3b6e4b09e2af76183bf"
  version = "v1.0.0-rc1"

[[projects]]
  digest = "1:e5d0bd87abc2781d14e274807a470acd180f0499f8bf5bb18606e9ec22ad9de9"
  name = "github.com/pborman/uuid"
  packages = ["."]
  pruneopts = "UT"
  revision = "adf5a7427709b9deb95d29d3fa8a2bf9cfd388f1"
  version = "v1.2"

[[projects]]
  branch = "master"
  digest = "1:3bf17a6e6eaa6ad24152148a631d18662f7212e21637c2699bff3369b7f00fa2"
  name = "github.com/petar/GoLLRB"
  packages = ["llrb"]
  pruneopts = "UT"
  revision = "53be0d36a84c2a886ca057d34b6aa4468df9ccb4"

[[projects]]
  digest = "1:0e7775ebbcf00d8dd28ac663614af924411c868dca3d5aa762af0fae3808d852"
  name = "github.com/peterbourgon/diskv"
  packages = ["."]
  pruneopts = "UT"
  revision = "5f041e8faa004a95c88a202771f4cc3e991971e6"
  version = "v2.0.1"

[[projects]]
  digest = "1:cf31692c14422fa27c83a05292eb5cbe0fb2775972e8f1f8446a71549bd8980b"
  name = "github.com/pkg/errors"
  packages = ["."]
  pruneopts = "UT"
  revision = "ba968bfe8b2f7e042a574c888954fccecfa385b4"
  version = "v0.8.1"

[[projects]]
  digest = "1:6c187bc42f50a341b0dd25da7f5bcf84b4bbffa7193b92f3c983c1a9803a447a"
  name = "github.com/pkg/sftp"
  packages = ["."]
  pruneopts = "UT"
  revision = "a713b07e6d90e1831d7fefcb69f1310edb3783ae"
  version = "v1.10.0"

[[projects]]
  digest = "1:75d51eeab0df85a3cea9e1297ccd3183b20a10cb4b48c753d8ec8d113cc14250"
  name = "github.com/prometheus/client_golang"
  packages = [
    "prometheus",
    "prometheus/internal",
  ]
  pruneopts = "UT"
  revision = "505eaef017263e299324067d40ca2c48f6a2cf50"
  version = "v0.9.2"

[[projects]]
  branch = "master"
  digest = "1:2d5cd61daa5565187e1d96bae64dbbc6080dacf741448e9629c64fd93203b0d4"
  name = "github.com/prometheus/client_model"
  packages = ["go"]
  pruneopts = "UT"
  revision = "fd36f4220a901265f90734c3183c5f0c91daa0b8"

[[projects]]
  digest = "1:35cf6bdf68db765988baa9c4f10cc5d7dda1126a54bd62e252dbcd0b1fc8da90"
  name = "github.com/prometheus/common"
  packages = [
    "expfmt",
    "internal/bitbucket.org/ww/goautoneg",
    "model",
  ]
  pruneopts = "UT"
  revision = "a82f4c12f983cc2649298185f296632953e50d3e"
  version = "v0.3.0"

[[projects]]
  branch = "master"
  digest = "1:49b09905e781d7775c086604cc00083e1832d0783f1f421b79f42657c457d029"
  name = "github.com/prometheus/procfs"
  packages = ["."]
  pruneopts = "UT"
  revision = "8368d24ba045f26503eb745b624d930cbe214c79"

[[projects]]
  digest = "1:d917313f309bda80d27274d53985bc65651f81a5b66b820749ac7f8ef061fd04"
  name = "github.com/sergi/go-diff"
  packages = ["diffmatchpatch"]
  pruneopts = "UT"
  revision = "1744e2970ca51c86172c8190fadad617561ed6e7"
  version = "v1.0.0"

[[projects]]
  digest = "1:645cabccbb4fa8aab25a956cbcbdf6a6845ca736b2c64e197ca7cbb9d210b939"
  name = "github.com/spf13/cobra"
  packages = ["."]
  pruneopts = "UT"
  revision = "ef82de70bb3f60c65fb8eebacbb2d122ef517385"
  version = "v0.0.3"

[[projects]]
  digest = "1:c1b1102241e7f645bc8e0c22ae352e8f0dc6484b6cb4d132fa9f24174e0119e2"
  name = "github.com/spf13/pflag"
  packages = ["."]
  pruneopts = "UT"
  revision = "298182f68c66c05229eb03ac171abe6e309ee79a"
  version = "v1.0.3"

[[projects]]
  digest = "1:4abe6f20c4d077107360641e1b9e9131e8b017a8b289ddea97cdf110fd3c5640"
  name = "github.com/spotinst/spotinst-sdk-go"
  packages = [
    "service/elastigroup",
    "service/elastigroup/providers/aws",
    "service/elastigroup/providers/azure",
    "service/elastigroup/providers/gcp",
    "spotinst",
    "spotinst/client",
    "spotinst/credentials",
    "spotinst/log",
    "spotinst/session",
    "spotinst/util/jsonutil",
    "spotinst/util/stringutil",
    "spotinst/util/uritemplates",
  ]
  pruneopts = "UT"
  revision = "a3a7be7f5b03349883e39ac83c9be2bc506ae3c8"
  version = "v3.3.11"

[[projects]]
  branch = "master"
  digest = "1:595e123593925253dd02152777ddb8cd42300c4f61e783e163b053802547c47c"
  name = "github.com/tent/http-link-go"
  packages = ["."]
  pruneopts = "UT"
  revision = "ac974c61c2f990f4115b119354b5e0b47550e888"

[[projects]]
  digest = "1:c66a840b463316eea6b30a11c505e1537f1b480b67fc192ae39ecd8f491f24fc"
  name = "github.com/ugorji/go"
  packages = ["codec"]
  pruneopts = "UT"
  revision = "2dc34c0b87808deb8e2c69e1625db4c14e5d0d4a"

[[projects]]
  digest = "1:7d623ecca421710beecab16f17dd1ecab4270e8f192ddf6b26091ed83318afb4"
  name = "github.com/vmware/govmomi"
  packages = [
    ".",
    "find",
    "list",
    "nfc",
    "object",
    "property",
    "session",
    "task",
    "vim25",
    "vim25/debug",
    "vim25/methods",
    "vim25/mo",
    "vim25/progress",
    "vim25/soap",
    "vim25/types",
    "vim25/xml",
  ]
  pruneopts = "UT"
  revision = "bdf05b6cab86b1e9f40ee80a4d2cb07a0c25ef78"
  version = "v0.20.0"

[[projects]]
  digest = "1:014bbca9ea5277007eb796e1e2fa13d885e3645e907f4cf4051d1163de6bb9ed"
  name = "go.etcd.io/etcd"
  packages = [
    "pkg/pathutil",
    "pkg/srv",
    "pkg/types",
    "version",
  ]
  pruneopts = "UT"
  revision = "6543273666cb9832edc2cc1d50f8e647d3575828"

[[projects]]
  digest = "1:ce72568389d111aa2d94b2d6b3c0213ab4699a05cbc6e203ed578f379bedef8f"
  name = "go.opencensus.io"
  packages = [
    ".",
    "internal",
    "internal/tagencoding",
    "metric/metricdata",
    "metric/metricproducer",
    "plugin/ochttp",
    "plugin/ochttp/propagation/b3",
    "resource",
    "stats",
    "stats/internal",
    "stats/view",
    "tag",
    "trace",
    "trace/internal",
    "trace/propagation",
    "trace/tracestate",
  ]
  pruneopts = "UT"
  revision = "75c0cca22312e51bfd4fafdbe9197ae399e18b38"
  version = "v0.20.2"

[[projects]]
  branch = "master"
  digest = "1:67ef8a67a42720c43155294c92d01c3c41d885fcad3ae1a2feb060d938951076"
  name = "golang.org/x/crypto"
  packages = [
    "curve25519",
    "ed25519",
    "ed25519/internal/edwards25519",
    "internal/chacha20",
    "internal/subtle",
    "pbkdf2",
    "poly1305",
    "ssh",
    "ssh/terminal",
  ]
  pruneopts = "UT"
  revision = "d864b10871cd4370fe574816b489c819c675ccc7"

[[projects]]
  branch = "master"
  digest = "1:79dfc8b4adec053605c488e2239bd0f5f721b67322f67f4fec19cd99fd3ad4fb"
  name = "golang.org/x/net"
  packages = [
    "bpf",
    "context",
    "context/ctxhttp",
    "http/httpguts",
    "http2",
    "http2/hpack",
    "idna",
    "internal/iana",
    "internal/socket",
    "internal/socks",
    "internal/timeseries",
    "ipv4",
    "ipv6",
    "proxy",
    "trace",
  ]
  pruneopts = "UT"
  revision = "afe8014c977f78fe2406743d9d32c8bd44d0542b"

[[projects]]
  branch = "master"
  digest = "1:645cb780e4f3177111b40588f0a7f5950efcfb473e7ff41d8d81b2ba5eaa6ed5"
  name = "golang.org/x/oauth2"
  packages = [
    ".",
    "google",
    "internal",
    "jws",
    "jwt",
  ]
  pruneopts = "UT"
  revision = "9f3314589c9a9136388751d9adae6b0ed400978a"

[[projects]]
  branch = "master"
  digest = "1:45c0985630ebeafc0dba3e5fad8ae79ac344250a0d3517da4abcf7bc25a162b6"
  name = "golang.org/x/sys"
  packages = [
    "cpu",
    "unix",
    "windows",
  ]
  pruneopts = "UT"
  revision = "953cdadca894cdc07be76fc99f95b40c28f06623"

[[projects]]
  digest = "1:a2ab62866c75542dd18d2b069fec854577a20211d7c0ea6ae746072a1dccdd18"
  name = "golang.org/x/text"
  packages = [
    "collate",
    "collate/build",
    "internal/colltab",
    "internal/gen",
    "internal/tag",
    "internal/triegen",
    "internal/ucd",
    "language",
    "secure/bidirule",
    "transform",
    "unicode/bidi",
    "unicode/cldr",
    "unicode/norm",
    "unicode/rangetable",
  ]
  pruneopts = "UT"
  revision = "f21a4dfb5e38f5895301dc265a8def02365cc3d0"
  version = "v0.3.0"

[[projects]]
  branch = "master"
  digest = "1:9fdc2b55e8e0fafe4b41884091e51e77344f7dc511c5acedcfd98200003bff90"
  name = "golang.org/x/time"
  packages = ["rate"]
  pruneopts = "UT"
  revision = "9d24e82272b4f38b78bc8cff74fa936d31ccd8ef"

[[projects]]
  digest = "1:55d87ded7604527f25a080e175ecfd78c2e2b2e84af2280dd7cd96a45a13778a"
  name = "google.golang.org/api"
  packages = [
    "compute/v0.alpha",
    "compute/v0.beta",
    "compute/v1",
    "container/v1",
    "dns/v1",
    "gensupport",
    "googleapi",
    "googleapi/internal/uritemplates",
    "googleapi/transport",
    "iam/v1",
    "internal",
    "oauth2/v2",
    "option",
    "storage/v1",
    "tpu/v1",
    "transport/http",
    "transport/http/internal/propagation",
  ]
  pruneopts = "UT"
  revision = "0cbcb99a9ea0c8023c794b2693cbe1def82ed4d7"
  version = "v0.3.2"

[[projects]]
  digest = "1:04f2ff15fc59e1ddaf9900ad0e19e5b19586b31f9dafd4d592b617642b239d8f"
  name = "google.golang.org/appengine"
  packages = [
    ".",
    "internal",
    "internal/app_identity",
    "internal/base",
    "internal/datastore",
    "internal/log",
    "internal/modules",
    "internal/remote_api",
    "internal/urlfetch",
    "urlfetch",
  ]
  pruneopts = "UT"
  revision = "54a98f90d1c46b7731eb8fb305d2a321c30ef610"
  version = "v1.5.0"

[[projects]]
  branch = "master"
  digest = "1:c3076e7defee87de1236f1814beb588f40a75544c60121e6eb38b3b3721783e2"
  name = "google.golang.org/genproto"
  packages = ["googleapis/rpc/status"]
  pruneopts = "UT"
  revision = "e7d98fc518a78c9f8b5ee77be7b0b317475d89e1"

[[projects]]
  digest = "1:707c3a5d10ed430ea767d73df122d9eb3dfb6312bbacc9f2e39204390686d1d0"
  name = "google.golang.org/grpc"
  packages = [
    ".",
    "balancer",
    "balancer/base",
    "balancer/roundrobin",
    "binarylog/grpc_binarylog_v1",
    "codes",
    "connectivity",
    "credentials",
    "credentials/internal",
    "encoding",
    "encoding/proto",
    "grpclog",
    "internal",
    "internal/backoff",
    "internal/balancerload",
    "internal/binarylog",
    "internal/channelz",
    "internal/envconfig",
    "internal/grpcrand",
    "internal/grpcsync",
    "internal/syscall",
    "internal/transport",
    "keepalive",
    "metadata",
    "naming",
    "peer",
    "resolver",
    "resolver/dns",
    "resolver/passthrough",
    "stats",
    "status",
    "tap",
  ]
  pruneopts = "UT"
  revision = "25c4f928eaa6d96443009bd842389fb4fa48664e"
  version = "v1.20.1"

[[projects]]
  digest = "1:38cb4759428493e0b02eade2f8d2920eb55a8fb35acb45de3247f0fbeab81b78"
  name = "gopkg.in/gcfg.v1"
  packages = [
    ".",
    "scanner",
    "token",
    "types",
  ]
  pruneopts = "UT"
  revision = "61b2c08bc8f6068f7c5ca684372f9a6cb1c45ebe"
  version = "v1.2.3"

[[projects]]
  digest = "1:2d1fbdc6777e5408cabeb02bf336305e724b925ff4546ded0fa8715a7267922a"
  name = "gopkg.in/inf.v0"
  packages = ["."]
  pruneopts = "UT"
  revision = "d2d2541c53f18d2a059457998ce2876cc8e67cbf"
  version = "v0.9.1"

[[projects]]
  digest = "1:9593bab40e981b1f90b7e07faeab0d09b75fe338880d08880f986a9d3283c53f"
  name = "gopkg.in/square/go-jose.v2"
  packages = [
    ".",
    "cipher",
    "json",
    "jwt",
  ]
  pruneopts = "UT"
  revision = "730df5f748271903322feb182be83b43ebbbe27d"
  version = "v2.3.1"

[[projects]]
  digest = "1:78d374b493e747afa9fbb2119687e3740a7fb8d0ebabddfef0a012593aaecbb3"
  name = "gopkg.in/warnings.v0"
  packages = ["."]
  pruneopts = "UT"
  revision = "ec4a0fea49c7b46c2aeb0b51aac55779c607e52b"
  version = "v0.1.2"

[[projects]]
  digest = "1:4d2e5a73dc1500038e504a8d78b986630e3626dc027bc030ba5c75da257cdb96"
  name = "gopkg.in/yaml.v2"
  packages = ["."]
  pruneopts = "UT"
  revision = "51d6538a90f86fe93ac480b35f37b2be17fef232"
  version = "v2.2.2"

[[projects]]
  branch = "release-1.13"
  digest = "1:6cec2c64c7569cd43b9fa5f8973f3a82919ebed36296d19312de057e59651b05"
  name = "k8s.io/api"
  packages = [
    "admissionregistration/v1alpha1",
    "admissionregistration/v1beta1",
    "apps/v1",
    "apps/v1beta1",
    "apps/v1beta2",
    "auditregistration/v1alpha1",
    "authentication/v1",
    "authentication/v1beta1",
    "authorization/v1",
    "authorization/v1beta1",
    "autoscaling/v1",
    "autoscaling/v2beta1",
    "autoscaling/v2beta2",
    "batch/v1",
    "batch/v1beta1",
    "batch/v2alpha1",
    "certificates/v1beta1",
    "coordination/v1beta1",
    "core/v1",
    "events/v1beta1",
    "extensions/v1beta1",
    "networking/v1",
    "policy/v1beta1",
    "rbac/v1",
    "rbac/v1alpha1",
    "rbac/v1beta1",
    "scheduling/v1alpha1",
    "scheduling/v1beta1",
    "settings/v1alpha1",
    "storage/v1",
    "storage/v1alpha1",
    "storage/v1beta1",
  ]
  pruneopts = "UT"
  revision = "5cb15d34447165a97c76ed5a60e4e99c8a01ecfe"

[[projects]]
  branch = "release-1.13"
  digest = "1:5c8e30a40644c03c864f2a9e3d32b6346ab05c8cafafd1833954c3957abcb160"
  name = "k8s.io/apiextensions-apiserver"
  packages = ["pkg/features"]
  pruneopts = "UT"
  revision = "bfb440be4b874c001bc64ea4b3324d37ab3c98dd"

[[projects]]
  branch = "release-1.13"
  digest = "1:c0404427a91283de0afe47921faf731bae48d92a0286eb325f9126d2f776794a"
  name = "k8s.io/apimachinery"
  packages = [
    "pkg/api/equality",
    "pkg/api/errors",
    "pkg/api/meta",
    "pkg/api/resource",
    "pkg/api/validation",
    "pkg/apis/meta/internalversion",
    "pkg/apis/meta/v1",
    "pkg/apis/meta/v1/unstructured",
    "pkg/apis/meta/v1/validation",
    "pkg/apis/meta/v1beta1",
    "pkg/conversion",
    "pkg/conversion/queryparams",
    "pkg/fields",
    "pkg/labels",
    "pkg/runtime",
    "pkg/runtime/schema",
    "pkg/runtime/serializer",
    "pkg/runtime/serializer/json",
    "pkg/runtime/serializer/protobuf",
    "pkg/runtime/serializer/recognizer",
    "pkg/runtime/serializer/streaming",
    "pkg/runtime/serializer/versioning",
    "pkg/selection",
    "pkg/types",
    "pkg/util/cache",
    "pkg/util/clock",
    "pkg/util/diff",
    "pkg/util/errors",
    "pkg/util/framer",
    "pkg/util/intstr",
    "pkg/util/json",
    "pkg/util/mergepatch",
    "pkg/util/naming",
    "pkg/util/net",
    "pkg/util/rand",
    "pkg/util/runtime",
    "pkg/util/sets",
    "pkg/util/strategicpatch",
    "pkg/util/uuid",
    "pkg/util/validation",
    "pkg/util/validation/field",
    "pkg/util/version",
    "pkg/util/wait",
    "pkg/util/yaml",
    "pkg/version",
    "pkg/watch",
    "third_party/forked/golang/json",
    "third_party/forked/golang/reflect",
  ]
  pruneopts = "UT"
  revision = "86fb29eff6288413d76bd8506874fddd9fccdff0"

[[projects]]
  branch = "release-1.13"
  digest = "1:138928c37ee6ec1be14aec46c97dab5f110ffa7e81828b9d27919df371fd8f62"
  name = "k8s.io/apiserver"
  packages = [
    "pkg/authentication/authenticator",
    "pkg/authentication/serviceaccount",
    "pkg/authentication/user",
    "pkg/features",
    "pkg/util/feature",
  ]
  pruneopts = "UT"
  revision = "a4358799e4fec459cf9babfca7c5acf3eed2cef8"

[[projects]]
  digest = "1:4332efdfdf70478aeed821319caea8c1c661b37a5416e90fa3cc6422cce30777"
  name = "k8s.io/client-go"
  packages = [
    "discovery",
    "informers",
    "informers/admissionregistration",
    "informers/admissionregistration/v1alpha1",
    "informers/admissionregistration/v1beta1",
    "informers/apps",
    "informers/apps/v1",
    "informers/apps/v1beta1",
    "informers/apps/v1beta2",
    "informers/auditregistration",
    "informers/auditregistration/v1alpha1",
    "informers/autoscaling",
    "informers/autoscaling/v1",
    "informers/autoscaling/v2beta1",
    "informers/autoscaling/v2beta2",
    "informers/batch",
    "informers/batch/v1",
    "informers/batch/v1beta1",
    "informers/batch/v2alpha1",
    "informers/certificates",
    "informers/certificates/v1beta1",
    "informers/coordination",
    "informers/coordination/v1beta1",
    "informers/core",
    "informers/core/v1",
    "informers/events",
    "informers/events/v1beta1",
    "informers/extensions",
    "informers/extensions/v1beta1",
    "informers/internalinterfaces",
    "informers/networking",
    "informers/networking/v1",
    "informers/policy",
    "informers/policy/v1beta1",
    "informers/rbac",
    "informers/rbac/v1",
    "informers/rbac/v1alpha1",
    "informers/rbac/v1beta1",
    "informers/scheduling",
    "informers/scheduling/v1alpha1",
    "informers/scheduling/v1beta1",
    "informers/settings",
    "informers/settings/v1alpha1",
    "informers/storage",
    "informers/storage/v1",
    "informers/storage/v1alpha1",
    "informers/storage/v1beta1",
    "kubernetes",
    "kubernetes/scheme",
    "kubernetes/typed/admissionregistration/v1alpha1",
    "kubernetes/typed/admissionregistration/v1beta1",
    "kubernetes/typed/apps/v1",
    "kubernetes/typed/apps/v1beta1",
    "kubernetes/typed/apps/v1beta2",
    "kubernetes/typed/auditregistration/v1alpha1",
    "kubernetes/typed/authentication/v1",
    "kubernetes/typed/authentication/v1beta1",
    "kubernetes/typed/authorization/v1",
    "kubernetes/typed/authorization/v1beta1",
    "kubernetes/typed/autoscaling/v1",
    "kubernetes/typed/autoscaling/v2beta1",
    "kubernetes/typed/autoscaling/v2beta2",
    "kubernetes/typed/batch/v1",
    "kubernetes/typed/batch/v1beta1",
    "kubernetes/typed/batch/v2alpha1",
    "kubernetes/typed/certificates/v1beta1",
    "kubernetes/typed/coordination/v1beta1",
    "kubernetes/typed/core/v1",
    "kubernetes/typed/events/v1beta1",
    "kubernetes/typed/extensions/v1beta1",
    "kubernetes/typed/networking/v1",
    "kubernetes/typed/policy/v1beta1",
    "kubernetes/typed/rbac/v1",
    "kubernetes/typed/rbac/v1alpha1",
    "kubernetes/typed/rbac/v1beta1",
    "kubernetes/typed/scheduling/v1alpha1",
    "kubernetes/typed/scheduling/v1beta1",
    "kubernetes/typed/settings/v1alpha1",
    "kubernetes/typed/storage/v1",
    "kubernetes/typed/storage/v1alpha1",
    "kubernetes/typed/storage/v1beta1",
    "listers/admissionregistration/v1alpha1",
    "listers/admissionregistration/v1beta1",
    "listers/apps/v1",
    "listers/apps/v1beta1",
    "listers/apps/v1beta2",
    "listers/auditregistration/v1alpha1",
    "listers/autoscaling/v1",
    "listers/autoscaling/v2beta1",
    "listers/autoscaling/v2beta2",
    "listers/batch/v1",
    "listers/batch/v1beta1",
    "listers/batch/v2alpha1",
    "listers/certificates/v1beta1",
    "listers/coordination/v1beta1",
    "listers/core/v1",
    "listers/events/v1beta1",
    "listers/extensions/v1beta1",
    "listers/networking/v1",
    "listers/policy/v1beta1",
    "listers/rbac/v1",
    "listers/rbac/v1alpha1",
    "listers/rbac/v1beta1",
    "listers/scheduling/v1alpha1",
    "listers/scheduling/v1beta1",
    "listers/settings/v1alpha1",
    "listers/storage/v1",
    "listers/storage/v1alpha1",
    "listers/storage/v1beta1",
    "pkg/apis/clientauthentication",
    "pkg/apis/clientauthentication/v1alpha1",
    "pkg/apis/clientauthentication/v1beta1",
    "pkg/version",
    "plugin/pkg/client/auth/exec",
    "rest",
    "rest/watch",
    "tools/cache",
    "tools/clientcmd/api",
    "tools/metrics",
    "tools/pager",
    "tools/record",
    "tools/reference",
    "tools/watch",
    "transport",
    "util/buffer",
    "util/cert",
    "util/connrotation",
    "util/flowcontrol",
    "util/homedir",
    "util/integer",
    "util/retry",
  ]
  pruneopts = "UT"
  revision = "e64494209f554a6723674bd494d69445fb76a1d4"
  version = "v10.0.0"

[[projects]]
  branch = "master"
  digest = "1:1ddb82cc36c4d3c5fb46ee2421755bdc832ba6b04a4aca4b30051d717525a7fe"
  name = "k8s.io/cloud-provider"
  packages = ["."]
  pruneopts = "UT"
  revision = "29368cc5c5b225a3a2f4bbbe9980a0546f488639"

[[projects]]
  branch = "master"
  digest = "1:c4476cd01a1b14036fc2aba5e775919670fb07c5fc10cde192eb50c54f1afe0c"
  name = "k8s.io/csi-api"
  packages = [
    "pkg/apis/csi/v1alpha1",
    "pkg/client/clientset/versioned",
    "pkg/client/clientset/versioned/scheme",
    "pkg/client/clientset/versioned/typed/csi/v1alpha1",
  ]
  pruneopts = "UT"
  revision = "94ac839bf26cd8861226396b93ddf920cbb7ccc9"

[[projects]]
  digest = "1:c696379ad201c1e86591785579e16bf6cf886c362e9a7534e8eb0d1028b20582"
  name = "k8s.io/klog"
  packages = ["."]
  pruneopts = "UT"
  revision = "e531227889390a39d9533dde61f590fe9f4b0035"
  version = "v0.3.0"

[[projects]]
  digest = "1:d5ca82df406a800a7e425996fcf11d220430682426b5b2b6cb4a9b75c4694e1d"
  name = "k8s.io/kops"
  packages = [
    ".",
    "channels/pkg/api",
    "dns-controller/pkg/dns",
    "dns-controller/pkg/util",
    "dnsprovider/pkg/dnsprovider",
    "dnsprovider/pkg/dnsprovider/providers/aws/route53",
    "dnsprovider/pkg/dnsprovider/providers/aws/route53/stubs",
    "dnsprovider/pkg/dnsprovider/providers/coredns",
    "dnsprovider/pkg/dnsprovider/providers/coredns/stubs",
    "dnsprovider/pkg/dnsprovider/providers/google/clouddns",
    "dnsprovider/pkg/dnsprovider/providers/google/clouddns/internal",
    "dnsprovider/pkg/dnsprovider/providers/google/clouddns/internal/interfaces",
    "dnsprovider/pkg/dnsprovider/providers/google/clouddns/internal/stubs",
    "dnsprovider/pkg/dnsprovider/providers/openstack/designate",
    "dnsprovider/pkg/dnsprovider/rrstype",
    "pkg/acls",
    "pkg/apis/kops",
    "pkg/apis/kops/install",
    "pkg/apis/kops/model",
    "pkg/apis/kops/registry",
    "pkg/apis/kops/util",
    "pkg/apis/kops/v1alpha1",
    "pkg/apis/kops/v1alpha2",
    "pkg/apis/kops/validation",
    "pkg/apis/nodeup",
    "pkg/assets",
    "pkg/client/clientset_generated/clientset/scheme",
    "pkg/client/clientset_generated/clientset/typed/kops/internalversion",
    "pkg/client/simple",
    "pkg/client/simple/vfsclientset",
    "pkg/cloudinstances",
    "pkg/diff",
    "pkg/dns",
    "pkg/featureflag",
    "pkg/flagbuilder",
    "pkg/k8scodecs",
    "pkg/k8sversion",
    "pkg/kopscodecs",
    "pkg/kubemanifest",
    "pkg/model",
    "pkg/model/alimodel",
    "pkg/model/awsmodel",
    "pkg/model/components",
    "pkg/model/components/etcdmanager",
    "pkg/model/components/node-authorizer",
    "pkg/model/defaults",
    "pkg/model/domodel",
    "pkg/model/gcemodel",
    "pkg/model/iam",
    "pkg/model/openstackmodel",
    "pkg/model/resources",
    "pkg/model/spotinstmodel",
    "pkg/model/vspheremodel",
    "pkg/pki",
    "pkg/resources",
    "pkg/resources/digitalocean",
    "pkg/resources/digitalocean/dns",
    "pkg/resources/spotinst",
    "pkg/sshcredentials",
    "pkg/templates",
    "pkg/tokens",
    "pkg/try",
    "pkg/urls",
    "pkg/util/stringorslice",
    "pkg/util/subnet",
    "pkg/values",
    "protokube/pkg/etcd",
    "upup/models",
    "upup/pkg/fi",
    "upup/pkg/fi/assettasks",
    "upup/pkg/fi/cloudup",
    "upup/pkg/fi/cloudup/alitasks",
    "upup/pkg/fi/cloudup/aliup",
    "upup/pkg/fi/cloudup/awstasks",
    "upup/pkg/fi/cloudup/awsup",
    "upup/pkg/fi/cloudup/baremetal",
    "upup/pkg/fi/cloudup/cloudformation",
    "upup/pkg/fi/cloudup/do",
    "upup/pkg/fi/cloudup/dotasks",
    "upup/pkg/fi/cloudup/gce",
    "upup/pkg/fi/cloudup/gcetasks",
    "upup/pkg/fi/cloudup/openstack",
    "upup/pkg/fi/cloudup/openstacktasks",
    "upup/pkg/fi/cloudup/spotinsttasks",
    "upup/pkg/fi/cloudup/terraform",
    "upup/pkg/fi/cloudup/vsphere",
    "upup/pkg/fi/cloudup/vspheretasks",
    "upup/pkg/fi/fitasks",
    "upup/pkg/fi/loader",
    "upup/pkg/fi/secrets",
    "upup/pkg/fi/utils",
    "util/pkg/exec",
    "util/pkg/hashing",
    "util/pkg/maps",
    "util/pkg/reflectutils",
    "util/pkg/slice",
    "util/pkg/text",
    "util/pkg/vfs",
  ]
  pruneopts = "UT"
  revision = "a5216d79fc11d433384780e90cd8b82573cf8917"

[[projects]]
  branch = "master"
  digest = "1:22abb5d4204ab1a0dcc9cda64906a31c43965ff5159e8b9f766c9d2a162dbed5"
  name = "k8s.io/kube-openapi"
  packages = ["pkg/util/proto"]
  pruneopts = "UT"
  revision = "6b3d3b2d5666c5912bab8b7bf26bf50f75a8f887"

[[projects]]
  branch = "release-1.13"
  digest = "1:85d67cdc031107d8a5b08b8a18eb03954e9279a275858a35e15a962a46d8ac86"
  name = "k8s.io/kubernetes"
  packages = [
    "pkg/api/legacyscheme",
    "pkg/api/service",
    "pkg/api/v1/pod",
    "pkg/api/v1/service",
    "pkg/apis/apps",
    "pkg/apis/autoscaling",
    "pkg/apis/core",
    "pkg/apis/core/helper",
    "pkg/apis/core/install",
    "pkg/apis/core/pods",
    "pkg/apis/core/v1",
    "pkg/apis/core/v1/helper",
    "pkg/apis/core/validation",
    "pkg/apis/scheduling",
    "pkg/capabilities",
    "pkg/cloudprovider/providers/aws",
    "pkg/cloudprovider/providers/gce",
    "pkg/cloudprovider/providers/gce/cloud",
    "pkg/cloudprovider/providers/gce/cloud/filter",
    "pkg/cloudprovider/providers/gce/cloud/meta",
    "pkg/cloudprovider/providers/gce/cloud/mock",
    "pkg/controller",
    "pkg/credentialprovider",
    "pkg/credentialprovider/aws",
    "pkg/features",
    "pkg/fieldpath",
    "pkg/kubelet/apis",
    "pkg/kubelet/types",
    "pkg/master/ports",
    "pkg/scheduler/api",
    "pkg/security/apparmor",
    "pkg/serviceaccount",
    "pkg/util/file",
    "pkg/util/hash",
    "pkg/util/io",
    "pkg/util/mount",
    "pkg/util/net/sets",
    "pkg/util/nsenter",
    "pkg/util/parsers",
    "pkg/util/resizefs",
    "pkg/util/strings",
    "pkg/util/taints",
    "pkg/version",
    "pkg/volume",
    "pkg/volume/util",
    "pkg/volume/util/fs",
    "pkg/volume/util/recyclerclient",
    "pkg/volume/util/types",
    "pkg/volume/util/volumepathhandler",
  ]
  pruneopts = "UT"
  revision = "ddd2add0dd3dbc8497997538a81818922df4b0d3"

[[projects]]
  branch = "master"
  digest = "1:c8576f66d94cb34b91fbe8a53df9c14fd741cc747795e294fe01efe0b7c73c93"
  name = "k8s.io/utils"
  packages = [
    "exec",
    "pointer",
  ]
  pruneopts = "UT"
  revision = "21c4ce38f2a793ec01e925ddc31216500183b773"

[[projects]]
  digest = "1:7719608fe0b52a4ece56c2dde37bedd95b938677d1ab0f84b8a7852e4c59f849"
  name = "sigs.k8s.io/yaml"
  packages = ["."]
  pruneopts = "UT"
  revision = "fd68e9863619f6ec2fdd8625fe1f02e7c877e480"
  version = "v1.1.0"

[solve-meta]
  analyzer-name = "dep"
  analyzer-version = 1
  input-imports = [
    "github.com/golang/glog",
    "github.com/spf13/cobra",
    "k8s.io/apimachinery/pkg/apis/meta/v1",
    "k8s.io/kops/pkg/apis/kops",
    "k8s.io/kops/pkg/client/simple",
    "k8s.io/kops/pkg/client/simple/vfsclientset",
    "k8s.io/kops/upup/pkg/fi",
    "k8s.io/kops/upup/pkg/fi/cloudup",
    "k8s.io/kops/util/pkg/reflectutils",
    "k8s.io/kops/util/pkg/vfs",
  ]
  solver-name = "gps-cdcl"
  solver-version = 1
